// !$*UTF8*$!
{
	archiveVersion = 1;
	classes = {
	};
	objectVersion = 46;
	objects = {

/* Begin PBXBuildFile section */
		3012306A1E9C7E4A00458F01 /* PendingTaskOperation.swift in Sources */ = {isa = PBXBuildFile; fileRef = 301230691E9C7E4A00458F01 /* PendingTaskOperation.swift */; };
		3012306C1E9CAA3000458F01 /* TaskOperationQueue.swift in Sources */ = {isa = PBXBuildFile; fileRef = 3012306B1E9CAA3000458F01 /* TaskOperationQueue.swift */; };
		3012306E1E9CC3F700458F01 /* CompletedTasksViewController.swift in Sources */ = {isa = PBXBuildFile; fileRef = 3012306D1E9CC3F700458F01 /* CompletedTasksViewController.swift */; };
		301230711E9CED2100458F01 /* KeywordsViewController.swift in Sources */ = {isa = PBXBuildFile; fileRef = 301230701E9CED2100458F01 /* KeywordsViewController.swift */; };
		301230741E9CFFA800458F01 /* String+extension.swift in Sources */ = {isa = PBXBuildFile; fileRef = 301230731E9CFFA800458F01 /* String+extension.swift */; };
		3062614F1E9A9B7800DD6C02 /* AppDelegate.swift in Sources */ = {isa = PBXBuildFile; fileRef = 3062614E1E9A9B7700DD6C02 /* AppDelegate.swift */; };
		306261561E9A9B7800DD6C02 /* Main.storyboard in Resources */ = {isa = PBXBuildFile; fileRef = 306261541E9A9B7800DD6C02 /* Main.storyboard */; };
		306261581E9A9B7800DD6C02 /* Assets.xcassets in Resources */ = {isa = PBXBuildFile; fileRef = 306261571E9A9B7800DD6C02 /* Assets.xcassets */; };
		3062615B1E9A9B7800DD6C02 /* LaunchScreen.storyboard in Resources */ = {isa = PBXBuildFile; fileRef = 306261591E9A9B7800DD6C02 /* LaunchScreen.storyboard */; };
		306261661E9A9DD100DD6C02 /* CoreDataManager.swift in Sources */ = {isa = PBXBuildFile; fileRef = 306261651E9A9DD100DD6C02 /* CoreDataManager.swift */; };
		306261741E9A9F2700DD6C02 /* CoreData.xcdatamodeld in Sources */ = {isa = PBXBuildFile; fileRef = 306261721E9A9F2700DD6C02 /* CoreData.xcdatamodeld */; };
		306261791E9AA01B00DD6C02 /* PendingTasksViewController.swift in Sources */ = {isa = PBXBuildFile; fileRef = 306261781E9AA01B00DD6C02 /* PendingTasksViewController.swift */; };
		3062617C1E9AA2DF00DD6C02 /* Task+extension.swift in Sources */ = {isa = PBXBuildFile; fileRef = 3062617B1E9AA2DF00DD6C02 /* Task+extension.swift */; };
		3062617E1E9AA5BB00DD6C02 /* TaskCell.swift in Sources */ = {isa = PBXBuildFile; fileRef = 3062617D1E9AA5BB00DD6C02 /* TaskCell.swift */; };
/* End PBXBuildFile section */

/* Begin PBXFileReference section */
		301230691E9C7E4A00458F01 /* PendingTaskOperation.swift */ = {isa = PBXFileReference; fileEncoding = 4; lastKnownFileType = sourcecode.swift; path = PendingTaskOperation.swift; sourceTree = "<group>"; };
		3012306B1E9CAA3000458F01 /* TaskOperationQueue.swift */ = {isa = PBXFileReference; fileEncoding = 4; lastKnownFileType = sourcecode.swift; path = TaskOperationQueue.swift; sourceTree = "<group>"; };
		3012306D1E9CC3F700458F01 /* CompletedTasksViewController.swift */ = {isa = PBXFileReference; fileEncoding = 4; lastKnownFileType = sourcecode.swift; path = CompletedTasksViewController.swift; sourceTree = "<group>"; };
		301230701E9CED2100458F01 /* KeywordsViewController.swift */ = {isa = PBXFileReference; fileEncoding = 4; lastKnownFileType = sourcecode.swift; path = KeywordsViewController.swift; sourceTree = "<group>"; };
		301230721E9CF0EF00458F01 /* operation-queue-ios.entitlements */ = {isa = PBXFileReference; lastKnownFileType = text.plist.entitlements; path = "operation-queue-ios.entitlements"; sourceTree = "<group>"; };
		301230731E9CFFA800458F01 /* String+extension.swift */ = {isa = PBXFileReference; fileEncoding = 4; lastKnownFileType = sourcecode.swift; path = "String+extension.swift"; sourceTree = "<group>"; };
		3062614B1E9A9B7700DD6C02 /* operation-queue-ios.app */ = {isa = PBXFileReference; explicitFileType = wrapper.application; includeInIndex = 0; path = "operation-queue-ios.app"; sourceTree = BUILT_PRODUCTS_DIR; };
		3062614E1E9A9B7700DD6C02 /* AppDelegate.swift */ = {isa = PBXFileReference; lastKnownFileType = sourcecode.swift; path = AppDelegate.swift; sourceTree = "<group>"; };
		306261551E9A9B7800DD6C02 /* Base */ = {isa = PBXFileReference; lastKnownFileType = file.storyboard; name = Base; path = Base.lproj/Main.storyboard; sourceTree = "<group>"; };
		306261571E9A9B7800DD6C02 /* Assets.xcassets */ = {isa = PBXFileReference; lastKnownFileType = folder.assetcatalog; path = Assets.xcassets; sourceTree = "<group>"; };
		3062615A1E9A9B7800DD6C02 /* Base */ = {isa = PBXFileReference; lastKnownFileType = file.storyboard; name = Base; path = Base.lproj/LaunchScreen.storyboard; sourceTree = "<group>"; };
		3062615C1E9A9B7800DD6C02 /* Info.plist */ = {isa = PBXFileReference; lastKnownFileType = text.plist.xml; path = Info.plist; sourceTree = "<group>"; };
		306261631E9A9C6100DD6C02 /* CoreDataStackManager.swift */ = {isa = PBXFileReference; fileEncoding = 4; lastKnownFileType = sourcecode.swift; path = CoreDataStackManager.swift; sourceTree = "<group>"; };
		306261651E9A9DD100DD6C02 /* CoreDataManager.swift */ = {isa = PBXFileReference; fileEncoding = 4; lastKnownFileType = sourcecode.swift; path = CoreDataManager.swift; sourceTree = "<group>"; };
		306261731E9A9F2700DD6C02 /* CoreData.xcdatamodel */ = {isa = PBXFileReference; lastKnownFileType = wrapper.xcdatamodel; path = CoreData.xcdatamodel; sourceTree = "<group>"; };
		306261781E9AA01B00DD6C02 /* PendingTasksViewController.swift */ = {isa = PBXFileReference; fileEncoding = 4; lastKnownFileType = sourcecode.swift; path = PendingTasksViewController.swift; sourceTree = "<group>"; };
		3062617B1E9AA2DF00DD6C02 /* Task+extension.swift */ = {isa = PBXFileReference; fileEncoding = 4; lastKnownFileType = sourcecode.swift; path = "Task+extension.swift"; sourceTree = "<group>"; };
		3062617D1E9AA5BB00DD6C02 /* TaskCell.swift */ = {isa = PBXFileReference; fileEncoding = 4; lastKnownFileType = sourcecode.swift; path = TaskCell.swift; sourceTree = "<group>"; };
/* End PBXFileReference section */

/* Begin PBXFrameworksBuildPhase section */
		306261481E9A9B7700DD6C02 /* Frameworks */ = {
			isa = PBXFrameworksBuildPhase;
			buildActionMask = 2147483647;
			files = (
			);
			runOnlyForDeploymentPostprocessing = 0;
		};
/* End PBXFrameworksBuildPhase section */

/* Begin PBXGroup section */
		3012306F1E9CED0F00458F01 /* Keywords */ = {
			isa = PBXGroup;
			children = (
				301230701E9CED2100458F01 /* KeywordsViewController.swift */,
			);
			path = Keywords;
			sourceTree = "<group>";
		};
		306261421E9A9B7700DD6C02 = {
			isa = PBXGroup;
			children = (
				3062614D1E9A9B7700DD6C02 /* operation-queue-ios */,
				3062614C1E9A9B7700DD6C02 /* Products */,
			);
			sourceTree = "<group>";
		};
		3062614C1E9A9B7700DD6C02 /* Products */ = {
			isa = PBXGroup;
			children = (
				3062614B1E9A9B7700DD6C02 /* operation-queue-ios.app */,
			);
			name = Products;
			sourceTree = "<group>";
		};
		3062614D1E9A9B7700DD6C02 /* operation-queue-ios */ = {
			isa = PBXGroup;
			children = (
				301230721E9CF0EF00458F01 /* operation-queue-ios.entitlements */,
				3062617A1E9AA2D200DD6C02 /* Extensions */,
				306261751E9A9FFF00DD6C02 /* ViewControllers */,
				306261671E9A9E3000DD6C02 /* Resources */,
				306261621E9A9C5400DD6C02 /* Managers */,
				3062614E1E9A9B7700DD6C02 /* AppDelegate.swift */,
				306261541E9A9B7800DD6C02 /* Main.storyboard */,
				306261571E9A9B7800DD6C02 /* Assets.xcassets */,
				306261591E9A9B7800DD6C02 /* LaunchScreen.storyboard */,
				3062615C1E9A9B7800DD6C02 /* Info.plist */,
			);
			path = "operation-queue-ios";
			sourceTree = "<group>";
		};
		306261621E9A9C5400DD6C02 /* Managers */ = {
			isa = PBXGroup;
			children = (
				306261631E9A9C6100DD6C02 /* CoreDataStackManager.swift */,
				306261651E9A9DD100DD6C02 /* CoreDataManager.swift */,
			);
			path = Managers;
			sourceTree = "<group>";
		};
		306261671E9A9E3000DD6C02 /* Resources */ = {
			isa = PBXGroup;
			children = (
				306261721E9A9F2700DD6C02 /* CoreData.xcdatamodeld */,
			);
			path = Resources;
			sourceTree = "<group>";
		};
		306261751E9A9FFF00DD6C02 /* ViewControllers */ = {
			isa = PBXGroup;
			children = (
				3012306F1E9CED0F00458F01 /* Keywords */,
				306261771E9A9FFF00DD6C02 /* PendingTasks */,
				306261761E9A9FFF00DD6C02 /* CompletedTasks */,
			);
			path = ViewControllers;
			sourceTree = "<group>";
		};
		306261761E9A9FFF00DD6C02 /* CompletedTasks */ = {
			isa = PBXGroup;
			children = (
				3012306D1E9CC3F700458F01 /* CompletedTasksViewController.swift */,
			);
			path = CompletedTasks;
			sourceTree = "<group>";
		};
		306261771E9A9FFF00DD6C02 /* PendingTasks */ = {
			isa = PBXGroup;
			children = (
				306261781E9AA01B00DD6C02 /* PendingTasksViewController.swift */,
				3062617D1E9AA5BB00DD6C02 /* TaskCell.swift */,
				301230691E9C7E4A00458F01 /* PendingTaskOperation.swift */,
				3012306B1E9CAA3000458F01 /* TaskOperationQueue.swift */,
			);
			path = PendingTasks;
			sourceTree = "<group>";
		};
		3062617A1E9AA2D200DD6C02 /* Extensions */ = {
			isa = PBXGroup;
			children = (
				3062617B1E9AA2DF00DD6C02 /* Task+extension.swift */,
				301230731E9CFFA800458F01 /* String+extension.swift */,
			);
			path = Extensions;
			sourceTree = "<group>";
		};
/* End PBXGroup section */

/* Begin PBXNativeTarget section */
		3062614A1E9A9B7700DD6C02 /* operation-queue-ios */ = {
			isa = PBXNativeTarget;
			buildConfigurationList = 3062615F1E9A9B7800DD6C02 /* Build configuration list for PBXNativeTarget "operation-queue-ios" */;
			buildPhases = (
				306261471E9A9B7700DD6C02 /* Sources */,
				306261481E9A9B7700DD6C02 /* Frameworks */,
				306261491E9A9B7700DD6C02 /* Resources */,
			);
			buildRules = (
			);
			dependencies = (
			);
			name = "operation-queue-ios";
			productName = "operation-queue-ios";
			productReference = 3062614B1E9A9B7700DD6C02 /* operation-queue-ios.app */;
			productType = "com.apple.product-type.application";
		};
/* End PBXNativeTarget section */

/* Begin PBXProject section */
		306261431E9A9B7700DD6C02 /* Project object */ = {
			isa = PBXProject;
			attributes = {
				LastSwiftUpdateCheck = 0830;
				LastUpgradeCheck = 0830;
				ORGANIZATIONNAME = "Ramūnas Jurgilas";
				TargetAttributes = {
					3062614A1E9A9B7700DD6C02 = {
						CreatedOnToolsVersion = 8.3.1;
						DevelopmentTeam = TA7TSBJ7ZW;
						ProvisioningStyle = Automatic;
						SystemCapabilities = {
							com.apple.iCloud = {
								enabled = 1;
							};
						};
					};
				};
			};
			buildConfigurationList = 306261461E9A9B7700DD6C02 /* Build configuration list for PBXProject "operation-queue-ios" */;
			compatibilityVersion = "Xcode 3.2";
			developmentRegion = English;
			hasScannedForEncodings = 0;
			knownRegions = (
				en,
				Base,
			);
			mainGroup = 306261421E9A9B7700DD6C02;
			productRefGroup = 3062614C1E9A9B7700DD6C02 /* Products */;
			projectDirPath = "";
			projectRoot = "";
			targets = (
				3062614A1E9A9B7700DD6C02 /* operation-queue-ios */,
			);
		};
/* End PBXProject section */

/* Begin PBXResourcesBuildPhase section */
		306261491E9A9B7700DD6C02 /* Resources */ = {
			isa = PBXResourcesBuildPhase;
			buildActionMask = 2147483647;
			files = (
				3062615B1E9A9B7800DD6C02 /* LaunchScreen.storyboard in Resources */,
				306261581E9A9B7800DD6C02 /* Assets.xcassets in Resources */,
				306261561E9A9B7800DD6C02 /* Main.storyboard in Resources */,
			);
			runOnlyForDeploymentPostprocessing = 0;
		};
/* End PBXResourcesBuildPhase section */

/* Begin PBXSourcesBuildPhase section */
		306261471E9A9B7700DD6C02 /* Sources */ = {
			isa = PBXSourcesBuildPhase;
			buildActionMask = 2147483647;
			files = (
				301230711E9CED2100458F01 /* KeywordsViewController.swift in Sources */,
				3012306C1E9CAA3000458F01 /* TaskOperationQueue.swift in Sources */,
				3012306A1E9C7E4A00458F01 /* PendingTaskOperation.swift in Sources */,
				3012306E1E9CC3F700458F01 /* CompletedTasksViewController.swift in Sources */,
				3062614F1E9A9B7800DD6C02 /* AppDelegate.swift in Sources */,
				301230741E9CFFA800458F01 /* String+extension.swift in Sources */,
				306261791E9AA01B00DD6C02 /* PendingTasksViewController.swift in Sources */,
				3062617C1E9AA2DF00DD6C02 /* Task+extension.swift in Sources */,
				3062617E1E9AA5BB00DD6C02 /* TaskCell.swift in Sources */,
				306261741E9A9F2700DD6C02 /* CoreData.xcdatamodeld in Sources */,
				306261661E9A9DD100DD6C02 /* CoreDataManager.swift in Sources */,
			);
			runOnlyForDeploymentPostprocessing = 0;
		};
/* End PBXSourcesBuildPhase section */

/* Begin PBXVariantGroup section */
		306261541E9A9B7800DD6C02 /* Main.storyboard */ = {
			isa = PBXVariantGroup;
			children = (
				306261551E9A9B7800DD6C02 /* Base */,
			);
			name = Main.storyboard;
			sourceTree = "<group>";
		};
		306261591E9A9B7800DD6C02 /* LaunchScreen.storyboard */ = {
			isa = PBXVariantGroup;
			children = (
				3062615A1E9A9B7800DD6C02 /* Base */,
			);
			name = LaunchScreen.storyboard;
			sourceTree = "<group>";
		};
/* End PBXVariantGroup section */

/* Begin XCBuildConfiguration section */
		3062615D1E9A9B7800DD6C02 /* Debug */ = {
			isa = XCBuildConfiguration;
			buildSettings = {
				ALWAYS_SEARCH_USER_PATHS = NO;
				CLANG_ANALYZER_NONNULL = YES;
				CLANG_ANALYZER_NUMBER_OBJECT_CONVERSION = YES_AGGRESSIVE;
				CLANG_CXX_LANGUAGE_STANDARD = "gnu++0x";
				CLANG_CXX_LIBRARY = "libc++";
				CLANG_ENABLE_MODULES = YES;
				CLANG_ENABLE_OBJC_ARC = YES;
				CLANG_WARN_BOOL_CONVERSION = YES;
				CLANG_WARN_CONSTANT_CONVERSION = YES;
				CLANG_WARN_DIRECT_OBJC_ISA_USAGE = YES_ERROR;
				CLANG_WARN_DOCUMENTATION_COMMENTS = YES;
				CLANG_WARN_EMPTY_BODY = YES;
				CLANG_WARN_ENUM_CONVERSION = YES;
				CLANG_WARN_INFINITE_RECURSION = YES;
				CLANG_WARN_INT_CONVERSION = YES;
				CLANG_WARN_OBJC_ROOT_CLASS = YES_ERROR;
				CLANG_WARN_SUSPICIOUS_MOVE = YES;
				CLANG_WARN_UNREACHABLE_CODE = YES;
				CLANG_WARN__DUPLICATE_METHOD_MATCH = YES;
				"CODE_SIGN_IDENTITY[sdk=iphoneos*]" = "iPhone Developer";
				COPY_PHASE_STRIP = NO;
				DEBUG_INFORMATION_FORMAT = dwarf;
				ENABLE_STRICT_OBJC_MSGSEND = YES;
				ENABLE_TESTABILITY = YES;
				GCC_C_LANGUAGE_STANDARD = gnu99;
				GCC_DYNAMIC_NO_PIC = NO;
				GCC_NO_COMMON_BLOCKS = YES;
				GCC_OPTIMIZATION_LEVEL = 0;
				GCC_PREPROCESSOR_DEFINITIONS = (
					"DEBUG=1",
					"$(inherited)",
				);
				GCC_WARN_64_TO_32_BIT_CONVERSION = YES;
				GCC_WARN_ABOUT_RETURN_TYPE = YES_ERROR;
				GCC_WARN_UNDECLARED_SELECTOR = YES;
				GCC_WARN_UNINITIALIZED_AUTOS = YES_AGGRESSIVE;
				GCC_WARN_UNUSED_FUNCTION = YES;
				GCC_WARN_UNUSED_VARIABLE = YES;
				IPHONEOS_DEPLOYMENT_TARGET = 10.3;
				MTL_ENABLE_DEBUG_INFO = YES;
				ONLY_ACTIVE_ARCH = YES;
				SDKROOT = iphoneos;
				SWIFT_ACTIVE_COMPILATION_CONDITIONS = DEBUG;
				SWIFT_OPTIMIZATION_LEVEL = "-Onone";
			};
			name = Debug;
		};
		3062615E1E9A9B7800DD6C02 /* Release */ = {
			isa = XCBuildConfiguration;
			buildSettings = {
				ALWAYS_SEARCH_USER_PATHS = NO;
				CLANG_ANALYZER_NONNULL = YES;
				CLANG_ANALYZER_NUMBER_OBJECT_CONVERSION = YES_AGGRESSIVE;
				CLANG_CXX_LANGUAGE_STANDARD = "gnu++0x";
				CLANG_CXX_LIBRARY = "libc++";
				CLANG_ENABLE_MODULES = YES;
				CLANG_ENABLE_OBJC_ARC = YES;
				CLANG_WARN_BOOL_CONVERSION = YES;
				CLANG_WARN_CONSTANT_CONVERSION = YES;
				CLANG_WARN_DIRECT_OBJC_ISA_USAGE = YES_ERROR;
				CLANG_WARN_DOCUMENTATION_COMMENTS = YES;
				CLANG_WARN_EMPTY_BODY = YES;
				CLANG_WARN_ENUM_CONVERSION = YES;
				CLANG_WARN_INFINITE_RECURSION = YES;
				CLANG_WARN_INT_CONVERSION = YES;
				CLANG_WARN_OBJC_ROOT_CLASS = YES_ERROR;
				CLANG_WARN_SUSPICIOUS_MOVE = YES;
				CLANG_WARN_UNREACHABLE_CODE = YES;
				CLANG_WARN__DUPLICATE_METHOD_MATCH = YES;
				"CODE_SIGN_IDENTITY[sdk=iphoneos*]" = "iPhone Developer";
				COPY_PHASE_STRIP = NO;
				DEBUG_INFORMATION_FORMAT = "dwarf-with-dsym";
				ENABLE_NS_ASSERTIONS = NO;
				ENABLE_STRICT_OBJC_MSGSEND = YES;
				GCC_C_LANGUAGE_STANDARD = gnu99;
				GCC_NO_COMMON_BLOCKS = YES;
				GCC_WARN_64_TO_32_BIT_CONVERSION = YES;
				GCC_WARN_ABOUT_RETURN_TYPE = YES_ERROR;
				GCC_WARN_UNDECLARED_SELECTOR = YES;
				GCC_WARN_UNINITIALIZED_AUTOS = YES_AGGRESSIVE;
				GCC_WARN_UNUSED_FUNCTION = YES;
				GCC_WARN_UNUSED_VARIABLE = YES;
				IPHONEOS_DEPLOYMENT_TARGET = 10.3;
				MTL_ENABLE_DEBUG_INFO = NO;
				SDKROOT = iphoneos;
				SWIFT_OPTIMIZATION_LEVEL = "-Owholemodule";
				VALIDATE_PRODUCT = YES;
			};
			name = Release;
		};
		306261601E9A9B7800DD6C02 /* Debug */ = {
			isa = XCBuildConfiguration;
			buildSettings = {
				ASSETCATALOG_COMPILER_APPICON_NAME = AppIcon;
				CODE_SIGN_ENTITLEMENTS = "operation-queue-ios/operation-queue-ios.entitlements";
				DEVELOPMENT_TEAM = TA7TSBJ7ZW;
				INFOPLIST_FILE = "operation-queue-ios/Info.plist";
				IPHONEOS_DEPLOYMENT_TARGET = 10.0;
				LD_RUNPATH_SEARCH_PATHS = "$(inherited) @executable_path/Frameworks";
				PRODUCT_BUNDLE_IDENTIFIER = "lt.rj.operation-queue-ios";
				PRODUCT_NAME = "$(TARGET_NAME)";
				SWIFT_VERSION = 3.0;
			};
			name = Debug;
		};
		306261611E9A9B7800DD6C02 /* Release */ = {
			isa = XCBuildConfiguration;
			buildSettings = {
				ASSETCATALOG_COMPILER_APPICON_NAME = AppIcon;
				CODE_SIGN_ENTITLEMENTS = "operation-queue-ios/operation-queue-ios.entitlements";
				DEVELOPMENT_TEAM = TA7TSBJ7ZW;
				INFOPLIST_FILE = "operation-queue-ios/Info.plist";
				IPHONEOS_DEPLOYMENT_TARGET = 10.0;
				LD_RUNPATH_SEARCH_PATHS = "$(inherited) @executable_path/Frameworks";
				PRODUCT_BUNDLE_IDENTIFIER = "lt.rj.operation-queue-ios";
				PRODUCT_NAME = "$(TARGET_NAME)";
				SWIFT_VERSION = 3.0;
			};
			name = Release;
		};
/* End XCBuildConfiguration section */

/* Begin XCConfigurationList section */
		306261461E9A9B7700DD6C02 /* Build configuration list for PBXProject "operation-queue-ios" */ = {
			isa = XCConfigurationList;
			buildConfigurations = (
				3062615D1E9A9B7800DD6C02 /* Debug */,
				3062615E1E9A9B7800DD6C02 /* Release */,
			);
			defaultConfigurationIsVisible = 0;
			defaultConfigurationName = Release;
		};
		3062615F1E9A9B7800DD6C02 /* Build configuration list for PBXNativeTarget "operation-queue-ios" */ = {
			isa = XCConfigurationList;
			buildConfigurations = (
				306261601E9A9B7800DD6C02 /* Debug */,
				306261611E9A9B7800DD6C02 /* Release */,
			);
			defaultConfigurationIsVisible = 0;
			defaultConfigurationName = Release;
		};
/* End XCConfigurationList section */

/* Begin XCVersionGroup section */
		306261721E9A9F2700DD6C02 /* CoreData.xcdatamodeld */ = {
			isa = XCVersionGroup;
			children = (
				306261731E9A9F2700DD6C02 /* CoreData.xcdatamodel */,
			);
			currentVersion = 306261731E9A9F2700DD6C02 /* CoreData.xcdatamodel */;
			path = CoreData.xcdatamodeld;
			sourceTree = "<group>";
			versionGroupType = wrapper.xcdatamodel;
		};
/* End XCVersionGroup section */
	};
	rootObject = 306261431E9A9B7700DD6C02 /* Project object */;
}
